// !$*UTF8*$!
{
	archiveVersion = 1;
	classes = {
	};
	objectVersion = 46;
	objects = {
/* Begin PBXBuildFile section */
		0207DA581B56EA530066E2B4 /* Images.xcassets in Resources */ = {isa = PBXBuildFile; fileRef = 0207DA571B56EA530066E2B4 /* Images.xcassets */; };
		1D3623260D0F684500981E51 /* AppDelegate.m in Sources */ = {isa = PBXBuildFile; fileRef = 1D3623250D0F684500981E51 /* AppDelegate.m */; };
		1D60589B0D05DD56006BFB54 /* main.m in Sources */ = {isa = PBXBuildFile; fileRef = 29B97316FDCFA39411CA2CEA /* main.m */; };
		301BF552109A68D80062928A /* libCordova.a in Frameworks */ = {isa = PBXBuildFile; fileRef = 301BF535109A57CC0062928A /* libCordova.a */; };
		302D95F114D2391D003F00A1 /* MainViewController.m in Sources */ = {isa = PBXBuildFile; fileRef = 302D95EF14D2391D003F00A1 /* MainViewController.m */; };
		302D95F214D2391D003F00A1 /* MainViewController.xib in Resources */ = {isa = PBXBuildFile; fileRef = 302D95F014D2391D003F00A1 /* MainViewController.xib */; };
		3047A5121AB8059700498E2A /* build-debug.xcconfig in Resources */ = {isa = PBXBuildFile; fileRef = 3047A50F1AB8059700498E2A /* build-debug.xcconfig */; };
		3047A5131AB8059700498E2A /* build-release.xcconfig in Resources */ = {isa = PBXBuildFile; fileRef = 3047A5101AB8059700498E2A /* build-release.xcconfig */; };
		3047A5141AB8059700498E2A /* build.xcconfig in Resources */ = {isa = PBXBuildFile; fileRef = 3047A5111AB8059700498E2A /* build.xcconfig */; };
		1A4654AA2FC546D6A97CD35B /* CDVLogger.m in Sources */ = {isa = PBXBuildFile; fileRef = B270736D1F9D4822BA59EBEE /* CDVLogger.m */; };
		F1B3F0E0D60C4D6B88051335 /* CDVDevice.m in Sources */ = {isa = PBXBuildFile; fileRef = F1AE5BA930A842FE8341EE7D /* CDVDevice.m */; };
		57319B7B8C9147268F4C9BEE /* CDVInAppBrowser.m in Sources */ = {isa = PBXBuildFile; fileRef = C28E9C28997C4ABB95C2F5A5 /* CDVInAppBrowser.m */; };
		D051880732DF4F7485262CA3 /* CDVSplashScreen.m in Sources */ = {isa = PBXBuildFile; fileRef = CC5237C1E3A3446F864C20FB /* CDVSplashScreen.m */; };
		FAAF2747CE5A4C789351E5AC /* CDVViewController+SplashScreen.m in Sources */ = {isa = PBXBuildFile; fileRef = C12D8591C6C3422BB740ADDD /* CDVViewController+SplashScreen.m */; };
		0AE16513284645F5B7A22E07 /* CDVStatusBar.m in Sources */ = {isa = PBXBuildFile; fileRef = E0F77F80EF6347FFB2E58F8C /* CDVStatusBar.m */; };
		026E35D81D79447BAD240512 /* IonicKeyboard.m in Sources */ = {isa = PBXBuildFile; fileRef = 07FFDCA879674DC292EFE7EA /* IonicKeyboard.m */; };
		F583CC8665134317905AA8A8 /* OneSignalPush.h in Resources */ = {isa = PBXBuildFile; fileRef = 4FA0BA9AACA541FDB4255F2C /* OneSignalPush.h */; };
		CBFA03B84FE84DC89CD02B08 /* OneSignal.m in Sources */ = {isa = PBXBuildFile; fileRef = 5EA29E1C14A04C03ABC76DFC /* OneSignal.m */; };
		29B25A5359324A468EE206A6 /* OneSignalHTTPClient.m in Sources */ = {isa = PBXBuildFile; fileRef = 5BE4D619B8BD480FB0714BCF /* OneSignalHTTPClient.m */; };
		AB186770391A4E37AF982FB2 /* OneSignalTrackIAP.m in Sources */ = {isa = PBXBuildFile; fileRef = 70371317BDD14FCDAB4B0BD7 /* OneSignalTrackIAP.m */; };
		36F6B40873D24AAA85E61F41 /* OneSignalJailbreakDetection.m in Sources */ = {isa = PBXBuildFile; fileRef = BEC1E74765774D5EA15C78CD /* OneSignalJailbreakDetection.m */; };
		9C4234F28C7042888B1373CB /* OneSignalReachability.m in Sources */ = {isa = PBXBuildFile; fileRef = 084479E693D24F5F9CCBA90B /* OneSignalReachability.m */; };
		95ABB6FE453E47B28BC9E049 /* OneSignalMobileProvision.m in Sources */ = {isa = PBXBuildFile; fileRef = C3FB15FA04EF4008B7134F15 /* OneSignalMobileProvision.m */; };
		4E8BD83FE141480A853C977D /* OneSignalLocation.m in Sources */ = {isa = PBXBuildFile; fileRef = 0B98C510984B418EB658F6E4 /* OneSignalLocation.m */; };
		1CD2089A083E450F8D1658E8 /* NSObject+Extras.m in Sources */ = {isa = PBXBuildFile; fileRef = 93405DB5828C4354A64D7C38 /* NSObject+Extras.m */; };
		5C70D3CCD50F415183F79A44 /* NSString+Hash.m in Sources */ = {isa = PBXBuildFile; fileRef = F7124265EEFA4F3197ED4C23 /* NSString+Hash.m */; };
		3BCA231939D94BB7BFC591DF /* OneSignalAlertViewDelegate.m in Sources */ = {isa = PBXBuildFile; fileRef = 9B5BF777A8FE4F87A3DDFEAA /* OneSignalAlertViewDelegate.m */; };
		B3DE360D96264ED08918500B /* OneSignalTracker.m in Sources */ = {isa = PBXBuildFile; fileRef = 0D38EDF9733C4A4D90A05B14 /* OneSignalTracker.m */; };
		6F23BDB075224C2EB270D592 /* OneSignalHelper.m in Sources */ = {isa = PBXBuildFile; fileRef = 1717059EBF80461889A44C34 /* OneSignalHelper.m */; };
		B0F9183FC0694990ABC43ED7 /* OneSignalWebView.m in Sources */ = {isa = PBXBuildFile; fileRef = 2A5926E1866B4D0283111EB4 /* OneSignalWebView.m */; };
		2D07159C1DCE44FD955982CB /* OneSignalPush.m in Sources */ = {isa = PBXBuildFile; fileRef = 3F736AED8850468383569836 /* OneSignalPush.m */; };
		86A9C5D764FE40C9BE5A52B2 /* SystemConfiguration.framework in Frameworks */ = {isa = PBXBuildFile; fileRef = 62CFE3344FAB454EA5171B8C /* SystemConfiguration.framework */; };
/* End PBXBuildFile section */

/* Begin PBXContainerItemProxy section */
		301BF534109A57CC0062928A /* PBXContainerItemProxy */ = {
			isa = PBXContainerItemProxy;
			containerPortal = 301BF52D109A57CC0062928A /* CordovaLib.xcodeproj */;
			proxyType = 2;
			remoteGlobalIDString = D2AAC07E0554694100DB518D;
			remoteInfo = CordovaLib;
		};
		301BF550109A68C00062928A /* PBXContainerItemProxy */ = {
			isa = PBXContainerItemProxy;
			containerPortal = 301BF52D109A57CC0062928A /* CordovaLib.xcodeproj */;
			proxyType = 1;
			remoteGlobalIDString = D2AAC07D0554694100DB518D;
			remoteInfo = CordovaLib;
		};
/* End PBXContainerItemProxy section */

/* Begin PBXFileReference section */
		0207DA571B56EA530066E2B4 /* Images.xcassets */ = {isa = PBXFileReference; lastKnownFileType = folder.assetcatalog; name = Images.xcassets; path = "Martial Arts/Images.xcassets"; sourceTree = SOURCE_ROOT; };
		1D3623240D0F684500981E51 /* AppDelegate.h */ = {isa = PBXFileReference; fileEncoding = 4; lastKnownFileType = sourcecode.c.h; path = AppDelegate.h; sourceTree = "<group>"; };
		1D3623250D0F684500981E51 /* AppDelegate.m */ = {isa = PBXFileReference; fileEncoding = 4; lastKnownFileType = sourcecode.c.objc; path = AppDelegate.m; sourceTree = "<group>"; };
		1D6058910D05DD3D006BFB54 /* Martial Arts.app */ = {isa = PBXFileReference; explicitFileType = wrapper.application; includeInIndex = 0; path = "Martial Arts.app"; sourceTree = BUILT_PRODUCTS_DIR; };
		29B97316FDCFA39411CA2CEA /* main.m */ = {isa = PBXFileReference; fileEncoding = 4; lastKnownFileType = sourcecode.c.objc; path = main.m; sourceTree = "<group>"; };
		301BF52D109A57CC0062928A /* CordovaLib.xcodeproj */ = {isa = PBXFileReference; lastKnownFileType = "wrapper.pb-project"; name = CordovaLib.xcodeproj; path = CordovaLib/CordovaLib.xcodeproj; sourceTree = "<group>"; };
		301BF56E109A69640062928A /* www */ = {isa = PBXFileReference; lastKnownFileType = folder; path = www; sourceTree = SOURCE_ROOT; };
		302D95EE14D2391D003F00A1 /* MainViewController.h */ = {isa = PBXFileReference; fileEncoding = 4; lastKnownFileType = sourcecode.c.h; path = MainViewController.h; sourceTree = "<group>"; };
		302D95EF14D2391D003F00A1 /* MainViewController.m */ = {isa = PBXFileReference; fileEncoding = 4; lastKnownFileType = sourcecode.c.objc; path = MainViewController.m; sourceTree = "<group>"; };
		302D95F014D2391D003F00A1 /* MainViewController.xib */ = {isa = PBXFileReference; fileEncoding = 4; lastKnownFileType = file.xib; path = MainViewController.xib; sourceTree = "<group>"; };
		3047A50F1AB8059700498E2A /* build-debug.xcconfig */ = {isa = PBXFileReference; fileEncoding = 4; lastKnownFileType = text.xcconfig; name = "build-debug.xcconfig"; path = cordova/build-debug.xcconfig; sourceTree = SOURCE_ROOT; };
		3047A5101AB8059700498E2A /* build-release.xcconfig */ = {isa = PBXFileReference; fileEncoding = 4; lastKnownFileType = text.xcconfig; name = "build-release.xcconfig"; path = cordova/build-release.xcconfig; sourceTree = SOURCE_ROOT; };
		3047A5111AB8059700498E2A /* build.xcconfig */ = {isa = PBXFileReference; fileEncoding = 4; lastKnownFileType = text.xcconfig; name = build.xcconfig; path = cordova/build.xcconfig; sourceTree = SOURCE_ROOT; };
		32CA4F630368D1EE00C91783 /* Martial Arts-Prefix.pch */ = {isa = PBXFileReference; fileEncoding = 4; lastKnownFileType = sourcecode.c.h; path = "Martial Arts-Prefix.pch"; sourceTree = "<group>"; };
		8D1107310486CEB800E47090 /* Martial Arts-Info.plist */ = {isa = PBXFileReference; fileEncoding = 4; lastKnownFileType = text.plist.xml; name = "Martial Arts-Info.plist"; path = "Martial Arts/Martial Arts-Info.plist"; plistStructureDefinitionIdentifier = "com.apple.xcode.plist.structure-definition.iphone.info-plist"; sourceTree = SOURCE_ROOT; };
		EB87FDF31871DA8E0020F90C /* www */ = {isa = PBXFileReference; lastKnownFileType = folder; name = www; path = ../../www; sourceTree = "<group>"; };
		EB87FDF41871DAF40020F90C /* config.xml */ = {isa = PBXFileReference; lastKnownFileType = text.xml; name = config.xml; path = ../../config.xml; sourceTree = "<group>"; };
		F840E1F0165FE0F500CFE078 /* config.xml */ = {isa = PBXFileReference; lastKnownFileType = text.xml; name = config.xml; path = "Martial Arts/config.xml"; sourceTree = "<group>"; };
		ED33DF2A687741AEAF9F8254 /* Bridging-Header.h */ = {isa = PBXFileReference; fileEncoding = 4; lastKnownFileType = sourcecode.c.h; name = "Bridging-Header.h"; path = "Bridging-Header.h"; sourceTree = "<group>"; };
		B270736D1F9D4822BA59EBEE /* CDVLogger.m */ = {isa = PBXFileReference; name = "CDVLogger.m"; path = "cordova-plugin-console/CDVLogger.m"; sourceTree = "<group>"; fileEncoding = 4; lastKnownFileType = sourcecode.c.objc; explicitFileType = undefined; includeInIndex = 0; };
		B00FAFF673BF43BC952699B7 /* CDVLogger.h */ = {isa = PBXFileReference; name = "CDVLogger.h"; path = "cordova-plugin-console/CDVLogger.h"; sourceTree = "<group>"; fileEncoding = 4; lastKnownFileType = sourcecode.c.h; explicitFileType = undefined; includeInIndex = 0; };
		F1AE5BA930A842FE8341EE7D /* CDVDevice.m */ = {isa = PBXFileReference; name = "CDVDevice.m"; path = "cordova-plugin-device/CDVDevice.m"; sourceTree = "<group>"; fileEncoding = 4; lastKnownFileType = sourcecode.c.objc; explicitFileType = undefined; includeInIndex = 0; };
		EA700AEF858E4D3E9A6B8787 /* CDVDevice.h */ = {isa = PBXFileReference; name = "CDVDevice.h"; path = "cordova-plugin-device/CDVDevice.h"; sourceTree = "<group>"; fileEncoding = 4; lastKnownFileType = sourcecode.c.h; explicitFileType = undefined; includeInIndex = 0; };
		C28E9C28997C4ABB95C2F5A5 /* CDVInAppBrowser.m */ = {isa = PBXFileReference; name = "CDVInAppBrowser.m"; path = "cordova-plugin-inappbrowser/CDVInAppBrowser.m"; sourceTree = "<group>"; fileEncoding = 4; lastKnownFileType = sourcecode.c.objc; explicitFileType = undefined; includeInIndex = 0; };
		700F8C4B60A3434385A430A0 /* CDVInAppBrowser.h */ = {isa = PBXFileReference; name = "CDVInAppBrowser.h"; path = "cordova-plugin-inappbrowser/CDVInAppBrowser.h"; sourceTree = "<group>"; fileEncoding = 4; lastKnownFileType = sourcecode.c.h; explicitFileType = undefined; includeInIndex = 0; };
		CC5237C1E3A3446F864C20FB /* CDVSplashScreen.m */ = {isa = PBXFileReference; name = "CDVSplashScreen.m"; path = "cordova-plugin-splashscreen/CDVSplashScreen.m"; sourceTree = "<group>"; fileEncoding = 4; lastKnownFileType = sourcecode.c.objc; explicitFileType = undefined; includeInIndex = 0; };
		C12D8591C6C3422BB740ADDD /* CDVViewController+SplashScreen.m */ = {isa = PBXFileReference; name = "CDVViewController+SplashScreen.m"; path = "cordova-plugin-splashscreen/CDVViewController+SplashScreen.m"; sourceTree = "<group>"; fileEncoding = 4; lastKnownFileType = sourcecode.c.objc; explicitFileType = undefined; includeInIndex = 0; };
		23ACFFD6D12840F2AC094595 /* CDVSplashScreen.h */ = {isa = PBXFileReference; name = "CDVSplashScreen.h"; path = "cordova-plugin-splashscreen/CDVSplashScreen.h"; sourceTree = "<group>"; fileEncoding = 4; lastKnownFileType = sourcecode.c.h; explicitFileType = undefined; includeInIndex = 0; };
		2688BBC9761A452DA9DF4F24 /* CDVViewController+SplashScreen.h */ = {isa = PBXFileReference; name = "CDVViewController+SplashScreen.h"; path = "cordova-plugin-splashscreen/CDVViewController+SplashScreen.h"; sourceTree = "<group>"; fileEncoding = 4; lastKnownFileType = sourcecode.c.h; explicitFileType = undefined; includeInIndex = 0; };
		E0F77F80EF6347FFB2E58F8C /* CDVStatusBar.m */ = {isa = PBXFileReference; name = "CDVStatusBar.m"; path = "cordova-plugin-statusbar/CDVStatusBar.m"; sourceTree = "<group>"; fileEncoding = 4; lastKnownFileType = sourcecode.c.objc; explicitFileType = undefined; includeInIndex = 0; };
		2996C34A7C1A4839A04D2E3C /* CDVStatusBar.h */ = {isa = PBXFileReference; name = "CDVStatusBar.h"; path = "cordova-plugin-statusbar/CDVStatusBar.h"; sourceTree = "<group>"; fileEncoding = 4; lastKnownFileType = sourcecode.c.h; explicitFileType = undefined; includeInIndex = 0; };
		07FFDCA879674DC292EFE7EA /* IonicKeyboard.m */ = {isa = PBXFileReference; name = "IonicKeyboard.m"; path = "ionic-plugin-keyboard/IonicKeyboard.m"; sourceTree = "<group>"; fileEncoding = 4; lastKnownFileType = sourcecode.c.objc; explicitFileType = undefined; includeInIndex = 0; };
		B3CC864807504A869597E9C1 /* IonicKeyboard.h */ = {isa = PBXFileReference; name = "IonicKeyboard.h"; path = "ionic-plugin-keyboard/IonicKeyboard.h"; sourceTree = "<group>"; fileEncoding = 4; lastKnownFileType = sourcecode.c.h; explicitFileType = undefined; includeInIndex = 0; };
		4FA0BA9AACA541FDB4255F2C /* OneSignalPush.h */ = {isa = PBXFileReference; name = "OneSignalPush.h"; path = "onesignal-cordova-plugin/OneSignalPush.h"; sourceTree = "<group>"; fileEncoding = 4; lastKnownFileType = sourcecode.c.h; explicitFileType = undefined; includeInIndex = 0; };
		5EA29E1C14A04C03ABC76DFC /* OneSignal.m */ = {isa = PBXFileReference; name = "OneSignal.m"; path = "onesignal-cordova-plugin/OneSignal.m"; sourceTree = "<group>"; fileEncoding = 4; lastKnownFileType = sourcecode.c.objc; explicitFileType = undefined; includeInIndex = 0; };
		5BE4D619B8BD480FB0714BCF /* OneSignalHTTPClient.m */ = {isa = PBXFileReference; name = "OneSignalHTTPClient.m"; path = "onesignal-cordova-plugin/OneSignalHTTPClient.m"; sourceTree = "<group>"; fileEncoding = 4; lastKnownFileType = sourcecode.c.objc; explicitFileType = undefined; includeInIndex = 0; };
		70371317BDD14FCDAB4B0BD7 /* OneSignalTrackIAP.m */ = {isa = PBXFileReference; name = "OneSignalTrackIAP.m"; path = "onesignal-cordova-plugin/OneSignalTrackIAP.m"; sourceTree = "<group>"; fileEncoding = 4; lastKnownFileType = sourcecode.c.objc; explicitFileType = undefined; includeInIndex = 0; };
		BEC1E74765774D5EA15C78CD /* OneSignalJailbreakDetection.m */ = {isa = PBXFileReference; name = "OneSignalJailbreakDetection.m"; path = "onesignal-cordova-plugin/OneSignalJailbreakDetection.m"; sourceTree = "<group>"; fileEncoding = 4; lastKnownFileType = sourcecode.c.objc; explicitFileType = undefined; includeInIndex = 0; };
		084479E693D24F5F9CCBA90B /* OneSignalReachability.m */ = {isa = PBXFileReference; name = "OneSignalReachability.m"; path = "onesignal-cordova-plugin/OneSignalReachability.m"; sourceTree = "<group>"; fileEncoding = 4; lastKnownFileType = sourcecode.c.objc; explicitFileType = undefined; includeInIndex = 0; };
		C3FB15FA04EF4008B7134F15 /* OneSignalMobileProvision.m */ = {isa = PBXFileReference; name = "OneSignalMobileProvision.m"; path = "onesignal-cordova-plugin/OneSignalMobileProvision.m"; sourceTree = "<group>"; fileEncoding = 4; lastKnownFileType = sourcecode.c.objc; explicitFileType = undefined; includeInIndex = 0; };
		0B98C510984B418EB658F6E4 /* OneSignalLocation.m */ = {isa = PBXFileReference; name = "OneSignalLocation.m"; path = "onesignal-cordova-plugin/OneSignalLocation.m"; sourceTree = "<group>"; fileEncoding = 4; lastKnownFileType = sourcecode.c.objc; explicitFileType = undefined; includeInIndex = 0; };
		93405DB5828C4354A64D7C38 /* NSObject+Extras.m */ = {isa = PBXFileReference; name = "NSObject+Extras.m"; path = "onesignal-cordova-plugin/NSObject+Extras.m"; sourceTree = "<group>"; fileEncoding = 4; lastKnownFileType = sourcecode.c.objc; explicitFileType = undefined; includeInIndex = 0; };
		F7124265EEFA4F3197ED4C23 /* NSString+Hash.m */ = {isa = PBXFileReference; name = "NSString+Hash.m"; path = "onesignal-cordova-plugin/NSString+Hash.m"; sourceTree = "<group>"; fileEncoding = 4; lastKnownFileType = sourcecode.c.objc; explicitFileType = undefined; includeInIndex = 0; };
		9B5BF777A8FE4F87A3DDFEAA /* OneSignalAlertViewDelegate.m */ = {isa = PBXFileReference; name = "OneSignalAlertViewDelegate.m"; path = "onesignal-cordova-plugin/OneSignalAlertViewDelegate.m"; sourceTree = "<group>"; fileEncoding = 4; lastKnownFileType = sourcecode.c.objc; explicitFileType = undefined; includeInIndex = 0; };
		0D38EDF9733C4A4D90A05B14 /* OneSignalTracker.m */ = {isa = PBXFileReference; name = "OneSignalTracker.m"; path = "onesignal-cordova-plugin/OneSignalTracker.m"; sourceTree = "<group>"; fileEncoding = 4; lastKnownFileType = sourcecode.c.objc; explicitFileType = undefined; includeInIndex = 0; };
		1717059EBF80461889A44C34 /* OneSignalHelper.m */ = {isa = PBXFileReference; name = "OneSignalHelper.m"; path = "onesignal-cordova-plugin/OneSignalHelper.m"; sourceTree = "<group>"; fileEncoding = 4; lastKnownFileType = sourcecode.c.objc; explicitFileType = undefined; includeInIndex = 0; };
		2A5926E1866B4D0283111EB4 /* OneSignalWebView.m */ = {isa = PBXFileReference; name = "OneSignalWebView.m"; path = "onesignal-cordova-plugin/OneSignalWebView.m"; sourceTree = "<group>"; fileEncoding = 4; lastKnownFileType = sourcecode.c.objc; explicitFileType = undefined; includeInIndex = 0; };
		3F736AED8850468383569836 /* OneSignalPush.m */ = {isa = PBXFileReference; name = "OneSignalPush.m"; path = "onesignal-cordova-plugin/OneSignalPush.m"; sourceTree = "<group>"; fileEncoding = 4; lastKnownFileType = sourcecode.c.objc; explicitFileType = undefined; includeInIndex = 0; };
		F9225F9622FB4AEC936A4D88 /* OneSignal.h */ = {isa = PBXFileReference; name = "OneSignal.h"; path = "onesignal-cordova-plugin/OneSignal.h"; sourceTree = "<group>"; fileEncoding = 4; lastKnownFileType = sourcecode.c.h; explicitFileType = undefined; includeInIndex = 0; };
		68A8B8261944405F86ABAF3C /* OneSignalHTTPClient.h */ = {isa = PBXFileReference; name = "OneSignalHTTPClient.h"; path = "onesignal-cordova-plugin/OneSignalHTTPClient.h"; sourceTree = "<group>"; fileEncoding = 4; lastKnownFileType = sourcecode.c.h; explicitFileType = undefined; includeInIndex = 0; };
		A3AB1F4DFB9B47B3BAD8C497 /* OneSignalTrackIAP.h */ = {isa = PBXFileReference; name = "OneSignalTrackIAP.h"; path = "onesignal-cordova-plugin/OneSignalTrackIAP.h"; sourceTree = "<group>"; fileEncoding = 4; lastKnownFileType = sourcecode.c.h; explicitFileType = undefined; includeInIndex = 0; };
		01418B36CD5B45DC83F821D1 /* OneSignalJailbreakDetection.h */ = {isa = PBXFileReference; name = "OneSignalJailbreakDetection.h"; path = "onesignal-cordova-plugin/OneSignalJailbreakDetection.h"; sourceTree = "<group>"; fileEncoding = 4; lastKnownFileType = sourcecode.c.h; explicitFileType = undefined; includeInIndex = 0; };
		D1EB8B623B1F42018F34D4BD /* OneSignalReachability.h */ = {isa = PBXFileReference; name = "OneSignalReachability.h"; path = "onesignal-cordova-plugin/OneSignalReachability.h"; sourceTree = "<group>"; fileEncoding = 4; lastKnownFileType = sourcecode.c.h; explicitFileType = undefined; includeInIndex = 0; };
		E2A80755199947229AF84951 /* OneSignalMobileProvision.h */ = {isa = PBXFileReference; name = "OneSignalMobileProvision.h"; path = "onesignal-cordova-plugin/OneSignalMobileProvision.h"; sourceTree = "<group>"; fileEncoding = 4; lastKnownFileType = sourcecode.c.h; explicitFileType = undefined; includeInIndex = 0; };
		1122FB110081465DA580290B /* OneSignalLocation.h */ = {isa = PBXFileReference; name = "OneSignalLocation.h"; path = "onesignal-cordova-plugin/OneSignalLocation.h"; sourceTree = "<group>"; fileEncoding = 4; lastKnownFileType = sourcecode.c.h; explicitFileType = undefined; includeInIndex = 0; };
		27368B1BAE8A4A26B8FB044F /* OneSignalAlertViewDelegate.h */ = {isa = PBXFileReference; name = "OneSignalAlertViewDelegate.h"; path = "onesignal-cordova-plugin/OneSignalAlertViewDelegate.h"; sourceTree = "<group>"; fileEncoding = 4; lastKnownFileType = sourcecode.c.h; explicitFileType = undefined; includeInIndex = 0; };
		F02194BC12A64F31869B70F2 /* NSString+Hash.h */ = {isa = PBXFileReference; name = "NSString+Hash.h"; path = "onesignal-cordova-plugin/NSString+Hash.h"; sourceTree = "<group>"; fileEncoding = 4; lastKnownFileType = sourcecode.c.h; explicitFileType = undefined; includeInIndex = 0; };
		DADC6BABD9A84396888CDE43 /* NSObject+Extras.h */ = {isa = PBXFileReference; name = "NSObject+Extras.h"; path = "onesignal-cordova-plugin/NSObject+Extras.h"; sourceTree = "<group>"; fileEncoding = 4; lastKnownFileType = sourcecode.c.h; explicitFileType = undefined; includeInIndex = 0; };
		6EE35B8452544E2D969DCF08 /* OneSignalHelper.h */ = {isa = PBXFileReference; name = "OneSignalHelper.h"; path = "onesignal-cordova-plugin/OneSignalHelper.h"; sourceTree = "<group>"; fileEncoding = 4; lastKnownFileType = sourcecode.c.h; explicitFileType = undefined; includeInIndex = 0; };
		F3476AA270A948FCB1C4D5DC /* OneSignalTracker.h */ = {isa = PBXFileReference; name = "OneSignalTracker.h"; path = "onesignal-cordova-plugin/OneSignalTracker.h"; sourceTree = "<group>"; fileEncoding = 4; lastKnownFileType = sourcecode.c.h; explicitFileType = undefined; includeInIndex = 0; };
		F7EF7FDAAE3B4F708850EBD8 /* OneSignalWebView.h */ = {isa = PBXFileReference; name = "OneSignalWebView.h"; path = "onesignal-cordova-plugin/OneSignalWebView.h"; sourceTree = "<group>"; fileEncoding = 4; lastKnownFileType = sourcecode.c.h; explicitFileType = undefined; includeInIndex = 0; };
		5EBA4DE354654FAF909CDD69 /* OneSignal-Prefix.pch */ = {isa = PBXFileReference; name = "OneSignal-Prefix.pch"; path = "onesignal-cordova-plugin/OneSignal-Prefix.pch"; sourceTree = "<group>"; fileEncoding = 4; lastKnownFileType = sourcecode.c.h; explicitFileType = undefined; includeInIndex = 0; };
		62CFE3344FAB454EA5171B8C /* SystemConfiguration.framework */ = {isa = PBXFileReference; name = "SystemConfiguration.framework"; path = "System/Library/Frameworks/SystemConfiguration.framework"; sourceTree = SDKROOT; fileEncoding = undefined; lastKnownFileType = wrapper.framework; explicitFileType = undefined; includeInIndex = 0; };
/* End PBXFileReference section */

/* Begin PBXFrameworksBuildPhase section */
		1D60588F0D05DD3D006BFB54 /* Frameworks */ = {
			isa = PBXFrameworksBuildPhase;
			buildActionMask = 2147483647;
			files = (
				301BF552109A68D80062928A /* libCordova.a in Frameworks */,
				86A9C5D764FE40C9BE5A52B2 /* SystemConfiguration.framework in Frameworks */,
			);
			runOnlyForDeploymentPostprocessing = 0;
		};
/* End PBXFrameworksBuildPhase section */

/* Begin PBXGroup section */
		080E96DDFE201D6D7F000001 /* Classes */ = {
			isa = PBXGroup;
			children = (
				302D95EE14D2391D003F00A1 /* MainViewController.h */,
				302D95EF14D2391D003F00A1 /* MainViewController.m */,
				302D95F014D2391D003F00A1 /* MainViewController.xib */,
				1D3623240D0F684500981E51 /* AppDelegate.h */,
				1D3623250D0F684500981E51 /* AppDelegate.m */,
			);
			name = Classes;
			path = "Martial Arts/Classes";
			sourceTree = SOURCE_ROOT;
		};
		19C28FACFE9D520D11CA2CBB /* Products */ = {
			isa = PBXGroup;
			children = (
				1D6058910D05DD3D006BFB54 /* Martial Arts.app */,
			);
			name = Products;
			sourceTree = "<group>";
		};
		29B97314FDCFA39411CA2CEA /* CustomTemplate */ = {
			isa = PBXGroup;
			children = (
				EB87FDF41871DAF40020F90C /* config.xml */,
				EB87FDF31871DA8E0020F90C /* www */,
				EB87FDF11871DA420020F90C /* Staging */,
				301BF52D109A57CC0062928A /* CordovaLib.xcodeproj */,
				080E96DDFE201D6D7F000001 /* Classes */,
				307C750510C5A3420062BCA9 /* Plugins */,
				29B97315FDCFA39411CA2CEA /* Other Sources */,
				29B97317FDCFA39411CA2CEA /* Resources */,
				29B97323FDCFA39411CA2CEA /* Frameworks */,
				19C28FACFE9D520D11CA2CBB /* Products */,
			);
			name = CustomTemplate;
			sourceTree = "<group>";
		};
		29B97315FDCFA39411CA2CEA /* Other Sources */ = {
			isa = PBXGroup;
			children = (
				32CA4F630368D1EE00C91783 /* Martial Arts-Prefix.pch */,
				29B97316FDCFA39411CA2CEA /* main.m */,
				ED33DF2A687741AEAF9F8254 /* Bridging-Header.h */,
			);
			name = "Other Sources";
			path = "Martial Arts";
			sourceTree = "<group>";
		};
		29B97317FDCFA39411CA2CEA /* Resources */ = {
			isa = PBXGroup;
			children = (
				0207DA571B56EA530066E2B4 /* Images.xcassets */,
				3047A50E1AB8057F00498E2A /* config */,
				8D1107310486CEB800E47090 /* Martial Arts-Info.plist */,
			);
			name = Resources;
			path = "Martial Arts/Resources";
			sourceTree = "<group>";
		};
		29B97323FDCFA39411CA2CEA /* Frameworks */ = {
			isa = PBXGroup;
			children = (
				62CFE3344FAB454EA5171B8C /* SystemConfiguration.framework */,
			);
			name = Frameworks;
			sourceTree = "<group>";
		};
		301BF52E109A57CC0062928A /* Products */ = {
			isa = PBXGroup;
			children = (
				301BF535109A57CC0062928A /* libCordova.a */,
			);
			name = Products;
			sourceTree = "<group>";
		};
		3047A50E1AB8057F00498E2A /* config */ = {
			isa = PBXGroup;
			children = (
				3047A50F1AB8059700498E2A /* build-debug.xcconfig */,
				3047A5101AB8059700498E2A /* build-release.xcconfig */,
				3047A5111AB8059700498E2A /* build.xcconfig */,
			);
			name = config;
			sourceTree = "<group>";
		};
		307C750510C5A3420062BCA9 /* Plugins */ = {
			isa = PBXGroup;
			children = (
				B270736D1F9D4822BA59EBEE /* CDVLogger.m */,
				B00FAFF673BF43BC952699B7 /* CDVLogger.h */,
				F1AE5BA930A842FE8341EE7D /* CDVDevice.m */,
				EA700AEF858E4D3E9A6B8787 /* CDVDevice.h */,
				C28E9C28997C4ABB95C2F5A5 /* CDVInAppBrowser.m */,
				700F8C4B60A3434385A430A0 /* CDVInAppBrowser.h */,
				CC5237C1E3A3446F864C20FB /* CDVSplashScreen.m */,
				C12D8591C6C3422BB740ADDD /* CDVViewController+SplashScreen.m */,
				23ACFFD6D12840F2AC094595 /* CDVSplashScreen.h */,
				2688BBC9761A452DA9DF4F24 /* CDVViewController+SplashScreen.h */,
				E0F77F80EF6347FFB2E58F8C /* CDVStatusBar.m */,
				2996C34A7C1A4839A04D2E3C /* CDVStatusBar.h */,
				07FFDCA879674DC292EFE7EA /* IonicKeyboard.m */,
				B3CC864807504A869597E9C1 /* IonicKeyboard.h */,
				4FA0BA9AACA541FDB4255F2C /* OneSignalPush.h */,
				5EA29E1C14A04C03ABC76DFC /* OneSignal.m */,
				5BE4D619B8BD480FB0714BCF /* OneSignalHTTPClient.m */,
				70371317BDD14FCDAB4B0BD7 /* OneSignalTrackIAP.m */,
				BEC1E74765774D5EA15C78CD /* OneSignalJailbreakDetection.m */,
				084479E693D24F5F9CCBA90B /* OneSignalReachability.m */,
				C3FB15FA04EF4008B7134F15 /* OneSignalMobileProvision.m */,
				0B98C510984B418EB658F6E4 /* OneSignalLocation.m */,
				93405DB5828C4354A64D7C38 /* NSObject+Extras.m */,
				F7124265EEFA4F3197ED4C23 /* NSString+Hash.m */,
				9B5BF777A8FE4F87A3DDFEAA /* OneSignalAlertViewDelegate.m */,
				0D38EDF9733C4A4D90A05B14 /* OneSignalTracker.m */,
				1717059EBF80461889A44C34 /* OneSignalHelper.m */,
				2A5926E1866B4D0283111EB4 /* OneSignalWebView.m */,
				3F736AED8850468383569836 /* OneSignalPush.m */,
				F9225F9622FB4AEC936A4D88 /* OneSignal.h */,
				68A8B8261944405F86ABAF3C /* OneSignalHTTPClient.h */,
				A3AB1F4DFB9B47B3BAD8C497 /* OneSignalTrackIAP.h */,
				01418B36CD5B45DC83F821D1 /* OneSignalJailbreakDetection.h */,
				D1EB8B623B1F42018F34D4BD /* OneSignalReachability.h */,
				E2A80755199947229AF84951 /* OneSignalMobileProvision.h */,
				1122FB110081465DA580290B /* OneSignalLocation.h */,
				27368B1BAE8A4A26B8FB044F /* OneSignalAlertViewDelegate.h */,
				F02194BC12A64F31869B70F2 /* NSString+Hash.h */,
				DADC6BABD9A84396888CDE43 /* NSObject+Extras.h */,
				6EE35B8452544E2D969DCF08 /* OneSignalHelper.h */,
				F3476AA270A948FCB1C4D5DC /* OneSignalTracker.h */,
				F7EF7FDAAE3B4F708850EBD8 /* OneSignalWebView.h */,
				5EBA4DE354654FAF909CDD69 /* OneSignal-Prefix.pch */,
			);
			name = Plugins;
			path = "Martial Arts/Plugins";
			sourceTree = SOURCE_ROOT;
		};
		EB87FDF11871DA420020F90C /* Staging */ = {
			isa = PBXGroup;
			children = (
				F840E1F0165FE0F500CFE078 /* config.xml */,
				301BF56E109A69640062928A /* www */,
			);
			name = Staging;
			sourceTree = "<group>";
		};
/* End PBXGroup section */

/* Begin PBXNativeTarget section */
		1D6058900D05DD3D006BFB54 /* Martial Arts */ = {
			isa = PBXNativeTarget;
			buildConfigurationList = 1D6058960D05DD3E006BFB54 /* Build configuration list for PBXNativeTarget "Martial Arts" */;
			buildPhases = (
				304B58A110DAC018002A0835 /* Copy www directory */,
				1D60588D0D05DD3D006BFB54 /* Resources */,
				1D60588E0D05DD3D006BFB54 /* Sources */,
				1D60588F0D05DD3D006BFB54 /* Frameworks */,
			);
			buildRules = (
			);
			dependencies = (
				301BF551109A68C00062928A /* PBXTargetDependency */,
			);
			name = "Martial Arts";
			productName = "Martial Arts";
			productReference = 1D6058910D05DD3D006BFB54 /* Martial Arts.app */;
			productType = "com.apple.product-type.application";
		};
/* End PBXNativeTarget section */

/* Begin PBXProject section */
		29B97313FDCFA39411CA2CEA /* Project object */ = {
			isa = PBXProject;
			attributes = {
				LastUpgradeCheck = 510;
			};
			buildConfigurationList = C01FCF4E08A954540054247B /* Build configuration list for PBXProject "__NON-CLI__" */;
			compatibilityVersion = "Xcode 3.2";
			developmentRegion = English;
			hasScannedForEncodings = 1;
			mainGroup = 29B97314FDCFA39411CA2CEA /* CustomTemplate */;
			projectDirPath = "";
			projectReferences = (
				{
					ProductGroup = 301BF52E109A57CC0062928A /* Products */;
					ProjectRef = 301BF52D109A57CC0062928A /* CordovaLib.xcodeproj */;
				},
			);
			projectRoot = "";
			targets = (
				1D6058900D05DD3D006BFB54 /* Martial Arts */,
			);
		};
/* End PBXProject section */

/* Begin PBXReferenceProxy section */
		301BF535109A57CC0062928A /* libCordova.a */ = {
			isa = PBXReferenceProxy;
			fileType = archive.ar;
			path = libCordova.a;
			remoteRef = 301BF534109A57CC0062928A /* PBXContainerItemProxy */;
			sourceTree = BUILT_PRODUCTS_DIR;
		};
/* End PBXReferenceProxy section */

/* Begin PBXResourcesBuildPhase section */
		1D60588D0D05DD3D006BFB54 /* Resources */ = {
			isa = PBXResourcesBuildPhase;
			buildActionMask = 2147483647;
			files = (
				302D95F214D2391D003F00A1 /* MainViewController.xib in Resources */,
				3047A5131AB8059700498E2A /* build-release.xcconfig in Resources */,
				3047A5141AB8059700498E2A /* build.xcconfig in Resources */,
				0207DA581B56EA530066E2B4 /* Images.xcassets in Resources */,
				3047A5121AB8059700498E2A /* build-debug.xcconfig in Resources */,
			);
			runOnlyForDeploymentPostprocessing = 0;
		};
/* End PBXResourcesBuildPhase section */

/* Begin PBXShellScriptBuildPhase section */
		304B58A110DAC018002A0835 /* Copy www directory */ = {
			isa = PBXShellScriptBuildPhase;
			buildActionMask = 2147483647;
			files = (
			);
			inputPaths = (
			);
			name = "Copy www directory";
			outputPaths = (
			);
			runOnlyForDeploymentPostprocessing = 0;
			shellPath = /bin/sh;
			shellScript = "NODEJS_PATH=/usr/local/bin; NVM_NODE_PATH=~/.nvm/versions/node/`nvm version 2>/dev/null`/bin; N_NODE_PATH=`find /usr/local/n/versions/node/* -maxdepth 0 -type d 2>/dev/null | tail -1`/bin; XCODE_NODE_PATH=`xcode-select --print-path`/usr/share/xcs/Node/bin; PATH=$NODEJS_PATH:$NVM_NODE_PATH:$N_NODE_PATH:$XCODE_NODE_PATH:$PATH && node cordova/lib/copy-www-build-step.js";
			showEnvVarsInLog = 0;
		};
/* End PBXShellScriptBuildPhase section */

/* Begin PBXSourcesBuildPhase section */
		1D60588E0D05DD3D006BFB54 /* Sources */ = {
			isa = PBXSourcesBuildPhase;
			buildActionMask = 2147483647;
			files = (
				1D60589B0D05DD56006BFB54 /* main.m in Sources */,
				1D3623260D0F684500981E51 /* AppDelegate.m in Sources */,
				302D95F114D2391D003F00A1 /* MainViewController.m in Sources */,
				1A4654AA2FC546D6A97CD35B /* CDVLogger.m in Sources */,
				F1B3F0E0D60C4D6B88051335 /* CDVDevice.m in Sources */,
				57319B7B8C9147268F4C9BEE /* CDVInAppBrowser.m in Sources */,
				D051880732DF4F7485262CA3 /* CDVSplashScreen.m in Sources */,
				FAAF2747CE5A4C789351E5AC /* CDVViewController+SplashScreen.m in Sources */,
				0AE16513284645F5B7A22E07 /* CDVStatusBar.m in Sources */,
				026E35D81D79447BAD240512 /* IonicKeyboard.m in Sources */,
				F583CC8665134317905AA8A8 /* OneSignalPush.h in Resources */,
				CBFA03B84FE84DC89CD02B08 /* OneSignal.m in Sources */,
				29B25A5359324A468EE206A6 /* OneSignalHTTPClient.m in Sources */,
				AB186770391A4E37AF982FB2 /* OneSignalTrackIAP.m in Sources */,
				36F6B40873D24AAA85E61F41 /* OneSignalJailbreakDetection.m in Sources */,
				9C4234F28C7042888B1373CB /* OneSignalReachability.m in Sources */,
				95ABB6FE453E47B28BC9E049 /* OneSignalMobileProvision.m in Sources */,
				4E8BD83FE141480A853C977D /* OneSignalLocation.m in Sources */,
				1CD2089A083E450F8D1658E8 /* NSObject+Extras.m in Sources */,
				5C70D3CCD50F415183F79A44 /* NSString+Hash.m in Sources */,
				3BCA231939D94BB7BFC591DF /* OneSignalAlertViewDelegate.m in Sources */,
				B3DE360D96264ED08918500B /* OneSignalTracker.m in Sources */,
				6F23BDB075224C2EB270D592 /* OneSignalHelper.m in Sources */,
				B0F9183FC0694990ABC43ED7 /* OneSignalWebView.m in Sources */,
				2D07159C1DCE44FD955982CB /* OneSignalPush.m in Sources */,
			);
			runOnlyForDeploymentPostprocessing = 0;
		};
/* End PBXSourcesBuildPhase section */

/* Begin PBXTargetDependency section */
		301BF551109A68C00062928A /* PBXTargetDependency */ = {
			isa = PBXTargetDependency;
			name = CordovaLib;
			targetProxy = 301BF550109A68C00062928A /* PBXContainerItemProxy */;
		};
/* End PBXTargetDependency section */

/* Begin XCBuildConfiguration section */
		1D6058940D05DD3E006BFB54 /* Debug */ = {
			isa = XCBuildConfiguration;
			baseConfigurationReference = 3047A50F1AB8059700498E2A /* build-debug.xcconfig */;
			buildSettings = {
				ALWAYS_SEARCH_USER_PATHS = NO;
				ASSETCATALOG_COMPILER_APPICON_NAME = AppIcon;
				ASSETCATALOG_COMPILER_LAUNCHIMAGE_NAME = LaunchImage;
				CLANG_ENABLE_MODULES = YES;
				CLANG_ENABLE_OBJC_ARC = YES;
				COPY_PHASE_STRIP = NO;
				GCC_DYNAMIC_NO_PIC = NO;
				GCC_OPTIMIZATION_LEVEL = 0;
				GCC_PRECOMPILE_PREFIX_HEADER = YES;
				GCC_PREFIX_HEADER = "Martial Arts/Martial Arts-Prefix.pch";
				GCC_THUMB_SUPPORT = NO;
				GCC_VERSION = "";
				INFOPLIST_FILE = "Martial Arts/Martial Arts-Info.plist";
				LD_RUNPATH_SEARCH_PATHS = "@executable_path/Frameworks";
				PRODUCT_NAME = "Martial Arts";
			};
			name = Debug;
		};
		1D6058950D05DD3E006BFB54 /* Release */ = {
			isa = XCBuildConfiguration;
			baseConfigurationReference = 3047A5101AB8059700498E2A /* build-release.xcconfig */;
			buildSettings = {
				ALWAYS_SEARCH_USER_PATHS = NO;
				ASSETCATALOG_COMPILER_APPICON_NAME = AppIcon;
				ASSETCATALOG_COMPILER_LAUNCHIMAGE_NAME = LaunchImage;
				CLANG_ENABLE_MODULES = YES;
				CLANG_ENABLE_OBJC_ARC = YES;
				COPY_PHASE_STRIP = YES;
				GCC_PRECOMPILE_PREFIX_HEADER = YES;
				GCC_PREFIX_HEADER = "Martial Arts/Martial Arts-Prefix.pch";
				GCC_THUMB_SUPPORT = NO;
				GCC_VERSION = "";
				INFOPLIST_FILE = "Martial Arts/Martial Arts-Info.plist";
				PRODUCT_NAME = "Martial Arts";
			};
			name = Release;
		};
		C01FCF4F08A954540054247B /* Debug */ = {
			isa = XCBuildConfiguration;
			baseConfigurationReference = 3047A5111AB8059700498E2A /* build.xcconfig */;
			buildSettings = {
				CLANG_ENABLE_MODULES = YES;
				CLANG_ENABLE_OBJC_ARC = YES;
				CLANG_WARN_BOOL_CONVERSION = YES;
				CLANG_WARN_CONSTANT_CONVERSION = YES;
				CLANG_WARN_EMPTY_BODY = YES;
				CLANG_WARN_ENUM_CONVERSION = YES;
				CLANG_WARN_INT_CONVERSION = YES;
				CLANG_WARN__DUPLICATE_METHOD_MATCH = YES;
				GCC_C_LANGUAGE_STANDARD = c99;
				GCC_THUMB_SUPPORT = NO;
				GCC_VERSION = "";
				GCC_WARN_ABOUT_RETURN_TYPE = YES;
				GCC_WARN_UNDECLARED_SELECTOR = YES;
				GCC_WARN_UNINITIALIZED_AUTOS = YES;
				GCC_WARN_UNUSED_FUNCTION = YES;
				GCC_WARN_UNUSED_VARIABLE = YES;
				ONLY_ACTIVE_ARCH = YES;
				SDKROOT = iphoneos;
				SKIP_INSTALL = NO;
			};
			name = Debug;
		};
		C01FCF5008A954540054247B /* Release */ = {
			isa = XCBuildConfiguration;
			baseConfigurationReference = 3047A5111AB8059700498E2A /* build.xcconfig */;
			buildSettings = {
				CLANG_ENABLE_MODULES = YES;
				CLANG_ENABLE_OBJC_ARC = YES;
				CLANG_WARN_BOOL_CONVERSION = YES;
				CLANG_WARN_CONSTANT_CONVERSION = YES;
				CLANG_WARN_EMPTY_BODY = YES;
				CLANG_WARN_ENUM_CONVERSION = YES;
				CLANG_WARN_INT_CONVERSION = YES;
				CLANG_WARN__DUPLICATE_METHOD_MATCH = YES;
				GCC_C_LANGUAGE_STANDARD = c99;
				GCC_THUMB_SUPPORT = NO;
				GCC_VERSION = "";
				GCC_WARN_ABOUT_RETURN_TYPE = YES;
				GCC_WARN_UNDECLARED_SELECTOR = YES;
				GCC_WARN_UNINITIALIZED_AUTOS = YES;
				GCC_WARN_UNUSED_FUNCTION = YES;
				GCC_WARN_UNUSED_VARIABLE = YES;
				SDKROOT = iphoneos;
				SKIP_INSTALL = NO;
			};
			name = Release;
		};
/* End XCBuildConfiguration section */

/* Begin XCConfigurationList section */
		1D6058960D05DD3E006BFB54 /* Build configuration list for PBXNativeTarget "Martial Arts" */ = {
			isa = XCConfigurationList;
			buildConfigurations = (
				1D6058940D05DD3E006BFB54 /* Debug */,
				1D6058950D05DD3E006BFB54 /* Release */,
			);
			defaultConfigurationIsVisible = 0;
			defaultConfigurationName = Release;
		};
		C01FCF4E08A954540054247B /* Build configuration list for PBXProject "__NON-CLI__" */ = {
			isa = XCConfigurationList;
			buildConfigurations = (
				C01FCF4F08A954540054247B /* Debug */,
				C01FCF5008A954540054247B /* Release */,
			);
			defaultConfigurationIsVisible = 0;
			defaultConfigurationName = Release;
		};
/* End XCConfigurationList section */
	};
	rootObject = 29B97313FDCFA39411CA2CEA /* Project object */;
}
